{
  "name": "@test/npm-test-package",
  "version": "1.0.2",
  "lockfileVersion": 2,
  "requires": true,
  "packages": {
    "": {
      "name": "@test/npm-test-package",
      "version": "1.0.2",
      "license": "MIT",
      "dependencies": {
        "clean": "3.0.2"
      },
      "devDependencies": {}
    },
    "node_modules/async": {
      "version": "0.2.10",
      "resolved": "https://registry.npmjs.org/async/-/async-0.2.10.tgz",
      "integrity": "sha1-trvgsGdLnXGXCMo43owjfLUmw9E="
    },
    "node_modules/checker": {
      "version": "0.5.2",
      "resolved": "https://registry.npmjs.org/checker/-/checker-0.5.2.tgz",
      "integrity": "sha1-wno2vwDzp6PSSo+8eFPwb85OnIY=",
      "dependencies": {
        "async": "~0.2.9"
      }
    },
    "node_modules/clean": {
      "version": "3.0.2",
      "resolved": "https://registry.npmjs.org/clean/-/clean-3.0.2.tgz",
      "integrity": "sha1-GJtMkSzQ4O4ukmpaiHBb9S43opU=",
      "dependencies": {
        "checker": "~0.5.1",
        "minimist": "~0.0.5"
      }
    },
    "node_modules/minimist": {
      "version": "0.0.10",
      "resolved": "https://registry.npmjs.org/minimist/-/minimist-0.0.10.tgz",
      "integrity": "sha1-3j+YVD2/lggr5IrRoMfNqDYwHc8="
    }
  },
  "dependencies": {
    "async": {
      "version": "0.2.10",
      "resolved": "https://registry.npmjs.org/async/-/async-0.2.10.tgz",
      "integrity": "sha1-trvgsGdLnXGXCMo43owjfLUmw9E="
    },
    "checker": {
      "version": "0.5.2",
      "resolved": "https://registry.npmjs.org/checker/-/checker-0.5.2.tgz",
      "integrity": "sha1-wno2vwDzp6PSSo+8eFPwb85OnIY=",
      "requires": {
        "async": "~0.2.9"
      }
    },
    "clean": {
      "version": "3.0.2",
      "resolved": "https://registry.npmjs.org/clean/-/clean-3.0.2.tgz",
      "integrity": "sha1-GJtMkSzQ4O4ukmpaiHBb9S43opU=",
      "requires": {
        "checker": "~0.5.1",
        "minimist": "~0.0.5"
      }
    },
    "minimist": {
      "version": "0.0.10",
      "resolved": "https://registry.npmjs.org/minimist/-/minimist-0.0.10.tgz",
      "integrity": "sha1-3j+YVD2/lggr5IrRoMfNqDYwHc8="
    }
  }
}
